// !$*UTF8*$!
{
	archiveVersion = 1;
	classes = {
	};
	objectVersion = 56;
	objects = {

/* Begin PBXBuildFile section */
		7164C45A2B22070100F8257F /* Team.swift in Sources */ = {isa = PBXBuildFile; fileRef = 7164C4592B22070100F8257F /* Team.swift */; };
		7164C45C2B22077300F8257F /* Manager.swift in Sources */ = {isa = PBXBuildFile; fileRef = 7164C45B2B22077300F8257F /* Manager.swift */; };
		7164C45E2B22088A00F8257F /* ViewModel in Resources */ = {isa = PBXBuildFile; fileRef = 7164C45D2B22088A00F8257F /* ViewModel */; };
		7164C4612B220E9800F8257F /* TeamTableViewCell.swift in Sources */ = {isa = PBXBuildFile; fileRef = 7164C4602B220E9800F8257F /* TeamTableViewCell.swift */; };
		71B3BDAF2B20CBF200F58393 /* AppDelegate.swift in Sources */ = {isa = PBXBuildFile; fileRef = 71B3BDAE2B20CBF200F58393 /* AppDelegate.swift */; };
		71B3BDB12B20CBF200F58393 /* SceneDelegate.swift in Sources */ = {isa = PBXBuildFile; fileRef = 71B3BDB02B20CBF200F58393 /* SceneDelegate.swift */; };
		71B3BDB32B20CBF200F58393 /* ChantsViewController.swift in Sources */ = {isa = PBXBuildFile; fileRef = 71B3BDB22B20CBF200F58393 /* ChantsViewController.swift */; };
		71B3BDB62B20CBF200F58393 /* Main.storyboard in Resources */ = {isa = PBXBuildFile; fileRef = 71B3BDB42B20CBF200F58393 /* Main.storyboard */; };
		71B3BDBB2B20CBF400F58393 /* LaunchScreen.storyboard in Resources */ = {isa = PBXBuildFile; fileRef = 71B3BDB92B20CBF400F58393 /* LaunchScreen.storyboard */; };
		71B3BDC42B20CCEC00F58393 /* Assets.xcassets in Resources */ = {isa = PBXBuildFile; fileRef = 71B3BDC32B20CCEC00F58393 /* Assets.xcassets */; };
		71B3BDC92B20CD6500F58393 /* Teams.swift in Sources */ = {isa = PBXBuildFile; fileRef = 71B3BDC82B20CD6500F58393 /* Teams.swift */; };
		71B3BDCB2B20CD7C00F58393 /* Chants in Resources */ = {isa = PBXBuildFile; fileRef = 71B3BDCA2B20CD7C00F58393 /* Chants */; };
/* End PBXBuildFile section */

/* Begin PBXFileReference section */
		7164C4592B22070100F8257F /* Team.swift */ = {isa = PBXFileReference; lastKnownFileType = sourcecode.swift; path = Team.swift; sourceTree = "<group>"; };
		7164C45B2B22077300F8257F /* Manager.swift */ = {isa = PBXFileReference; lastKnownFileType = sourcecode.swift; path = Manager.swift; sourceTree = "<group>"; };
		7164C45D2B22088A00F8257F /* ViewModel */ = {isa = PBXFileReference; lastKnownFileType = folder; path = ViewModel; sourceTree = "<group>"; };
		7164C4602B220E9800F8257F /* TeamTableViewCell.swift */ = {isa = PBXFileReference; lastKnownFileType = sourcecode.swift; path = TeamTableViewCell.swift; sourceTree = "<group>"; };
		71B3BDAB2B20CBF200F58393 /* ChantsFootball.app */ = {isa = PBXFileReference; explicitFileType = wrapper.application; includeInIndex = 0; path = ChantsFootball.app; sourceTree = BUILT_PRODUCTS_DIR; };
		71B3BDAE2B20CBF200F58393 /* AppDelegate.swift */ = {isa = PBXFileReference; lastKnownFileType = sourcecode.swift; path = AppDelegate.swift; sourceTree = "<group>"; };
		71B3BDB02B20CBF200F58393 /* SceneDelegate.swift */ = {isa = PBXFileReference; lastKnownFileType = sourcecode.swift; path = SceneDelegate.swift; sourceTree = "<group>"; };
		71B3BDB22B20CBF200F58393 /* ChantsViewController.swift */ = {isa = PBXFileReference; lastKnownFileType = sourcecode.swift; path = ChantsViewController.swift; sourceTree = "<group>"; };
		71B3BDB52B20CBF200F58393 /* Base */ = {isa = PBXFileReference; lastKnownFileType = file.storyboard; name = Base; path = Base.lproj/Main.storyboard; sourceTree = "<group>"; };
		71B3BDBA2B20CBF400F58393 /* Base */ = {isa = PBXFileReference; lastKnownFileType = file.storyboard; name = Base; path = Base.lproj/LaunchScreen.storyboard; sourceTree = "<group>"; };
		71B3BDBC2B20CBF400F58393 /* Info.plist */ = {isa = PBXFileReference; lastKnownFileType = text.plist.xml; path = Info.plist; sourceTree = "<group>"; };
		71B3BDC32B20CCEC00F58393 /* Assets.xcassets */ = {isa = PBXFileReference; lastKnownFileType = folder.assetcatalog; path = Assets.xcassets; sourceTree = "<group>"; };
		71B3BDC82B20CD6500F58393 /* Teams.swift */ = {isa = PBXFileReference; fileEncoding = 4; lastKnownFileType = sourcecode.swift; path = Teams.swift; sourceTree = "<group>"; };
		71B3BDCA2B20CD7C00F58393 /* Chants */ = {isa = PBXFileReference; lastKnownFileType = folder; path = Chants; sourceTree = "<group>"; };
/* End PBXFileReference section */

/* Begin PBXFrameworksBuildPhase section */
		71B3BDA82B20CBF200F58393 /* Frameworks */ = {
			isa = PBXFrameworksBuildPhase;
			buildActionMask = 2147483647;
			files = (
			);
			runOnlyForDeploymentPostprocessing = 0;
		};
/* End PBXFrameworksBuildPhase section */

/* Begin PBXGroup section */
		7164C4582B2206F100F8257F /* Model */ = {
			isa = PBXGroup;
			children = (
				7164C4592B22070100F8257F /* Team.swift */,
				7164C45B2B22077300F8257F /* Manager.swift */,
			);
			path = Model;
			sourceTree = "<group>";
		};
		7164C45F2B220E6800F8257F /* Views */ = {
			isa = PBXGroup;
			children = (
				7164C4602B220E9800F8257F /* TeamTableViewCell.swift */,
			);
			path = Views;
			sourceTree = "<group>";
		};
		71B3BDA22B20CBF200F58393 = {
			isa = PBXGroup;
			children = (
				71B3BDAD2B20CBF200F58393 /* ChantsFootball */,
				71B3BDAC2B20CBF200F58393 /* Products */,
			);
			sourceTree = "<group>";
		};
		71B3BDAC2B20CBF200F58393 /* Products */ = {
			isa = PBXGroup;
			children = (
				71B3BDAB2B20CBF200F58393 /* ChantsFootball.app */,
			);
			name = Products;
			sourceTree = "<group>";
		};
		71B3BDAD2B20CBF200F58393 /* ChantsFootball */ = {
			isa = PBXGroup;
			children = (
				7164C45F2B220E6800F8257F /* Views */,
				7164C45D2B22088A00F8257F /* ViewModel */,
				7164C4582B2206F100F8257F /* Model */,
				71B3BDC72B20CD5300F58393 /* Resources */,
				71B3BDC32B20CCEC00F58393 /* Assets.xcassets */,
				71B3BDC22B20CCA900F58393 /* ViewControllers */,
				71B3BDAE2B20CBF200F58393 /* AppDelegate.swift */,
				71B3BDB02B20CBF200F58393 /* SceneDelegate.swift */,
				71B3BDB42B20CBF200F58393 /* Main.storyboard */,
				71B3BDB92B20CBF400F58393 /* LaunchScreen.storyboard */,
				71B3BDBC2B20CBF400F58393 /* Info.plist */,
			);
			path = ChantsFootball;
			sourceTree = "<group>";
		};
		71B3BDC22B20CCA900F58393 /* ViewControllers */ = {
			isa = PBXGroup;
			children = (
				71B3BDB22B20CBF200F58393 /* ChantsViewController.swift */,
			);
			path = ViewControllers;
			sourceTree = "<group>";
		};
		71B3BDC72B20CD5300F58393 /* Resources */ = {
			isa = PBXGroup;
			children = (
				71B3BDCA2B20CD7C00F58393 /* Chants */,
				71B3BDC82B20CD6500F58393 /* Teams.swift */,
			);
			path = Resources;
			sourceTree = "<group>";
		};
/* End PBXGroup section */

/* Begin PBXNativeTarget section */
		71B3BDAA2B20CBF200F58393 /* ChantsFootball */ = {
			isa = PBXNativeTarget;
			buildConfigurationList = 71B3BDBF2B20CBF400F58393 /* Build configuration list for PBXNativeTarget "ChantsFootball" */;
			buildPhases = (
				71B3BDA72B20CBF200F58393 /* Sources */,
				71B3BDA82B20CBF200F58393 /* Frameworks */,
				71B3BDA92B20CBF200F58393 /* Resources */,
			);
			buildRules = (
			);
			dependencies = (
			);
			name = ChantsFootball;
			productName = ChantsFootball;
			productReference = 71B3BDAB2B20CBF200F58393 /* ChantsFootball.app */;
			productType = "com.apple.product-type.application";
		};
/* End PBXNativeTarget section */

/* Begin PBXProject section */
		71B3BDA32B20CBF200F58393 /* Project object */ = {
			isa = PBXProject;
			attributes = {
				BuildIndependentTargetsInParallel = 1;
				LastSwiftUpdateCheck = 1430;
				LastUpgradeCheck = 1430;
				TargetAttributes = {
					71B3BDAA2B20CBF200F58393 = {
						CreatedOnToolsVersion = 14.3;
					};
				};
			};
			buildConfigurationList = 71B3BDA62B20CBF200F58393 /* Build configuration list for PBXProject "ChantsFootball" */;
			compatibilityVersion = "Xcode 14.0";
			developmentRegion = en;
			hasScannedForEncodings = 0;
			knownRegions = (
				en,
				Base,
			);
			mainGroup = 71B3BDA22B20CBF200F58393;
			productRefGroup = 71B3BDAC2B20CBF200F58393 /* Products */;
			projectDirPath = "";
			projectRoot = "";
			targets = (
				71B3BDAA2B20CBF200F58393 /* ChantsFootball */,
			);
		};
/* End PBXProject section */

/* Begin PBXResourcesBuildPhase section */
		71B3BDA92B20CBF200F58393 /* Resources */ = {
			isa = PBXResourcesBuildPhase;
			buildActionMask = 2147483647;
			files = (
				7164C45E2B22088A00F8257F /* ViewModel in Resources */,
				71B3BDBB2B20CBF400F58393 /* LaunchScreen.storyboard in Resources */,
				71B3BDC42B20CCEC00F58393 /* Assets.xcassets in Resources */,
				71B3BDB62B20CBF200F58393 /* Main.storyboard in Resources */,
				71B3BDCB2B20CD7C00F58393 /* Chants in Resources */,
			);
			runOnlyForDeploymentPostprocessing = 0;
		};
/* End PBXResourcesBuildPhase section */

/* Begin PBXSourcesBuildPhase section */
		71B3BDA72B20CBF200F58393 /* Sources */ = {
			isa = PBXSourcesBuildPhase;
			buildActionMask = 2147483647;
			files = (
				71B3BDC92B20CD6500F58393 /* Teams.swift in Sources */,
				7164C45C2B22077300F8257F /* Manager.swift in Sources */,
				71B3BDB32B20CBF200F58393 /* ChantsViewController.swift in Sources */,
				71B3BDAF2B20CBF200F58393 /* AppDelegate.swift in Sources */,
				7164C4612B220E9800F8257F /* TeamTableViewCell.swift in Sources */,
				7164C45A2B22070100F8257F /* Team.swift in Sources */,
				71B3BDB12B20CBF200F58393 /* SceneDelegate.swift in Sources */,
			);
			runOnlyForDeploymentPostprocessing = 0;
		};
/* End PBXSourcesBuildPhase section */

/* Begin PBXVariantGroup section */
		71B3BDB42B20CBF200F58393 /* Main.storyboard */ = {
			isa = PBXVariantGroup;
			children = (
				71B3BDB52B20CBF200F58393 /* Base */,
			);
			name = Main.storyboard;
			sourceTree = "<group>";
		};
		71B3BDB92B20CBF400F58393 /* LaunchScreen.storyboard */ = {
			isa = PBXVariantGroup;
			children = (
				71B3BDBA2B20CBF400F58393 /* Base */,
			);
			name = LaunchScreen.storyboard;
			sourceTree = "<group>";
		};
/* End PBXVariantGroup section */

/* Begin XCBuildConfiguration section */
		71B3BDBD2B20CBF400F58393 /* Debug */ = {
			isa = XCBuildConfiguration;
			buildSettings = {
				ALWAYS_SEARCH_USER_PATHS = NO;
				CLANG_ANALYZER_NONNULL = YES;
				CLANG_ANALYZER_NUMBER_OBJECT_CONVERSION = YES_AGGRESSIVE;
				CLANG_CXX_LANGUAGE_STANDARD = "gnu++20";
				CLANG_ENABLE_MODULES = YES;
				CLANG_ENABLE_OBJC_ARC = YES;
				CLANG_ENABLE_OBJC_WEAK = YES;
				CLANG_WARN_BLOCK_CAPTURE_AUTORELEASING = YES;
				CLANG_WARN_BOOL_CONVERSION = YES;
				CLANG_WARN_COMMA = YES;
				CLANG_WARN_CONSTANT_CONVERSION = YES;
				CLANG_WARN_DEPRECATED_OBJC_IMPLEMENTATIONS = YES;
				CLANG_WARN_DIRECT_OBJC_ISA_USAGE = YES_ERROR;
				CLANG_WARN_DOCUMENTATION_COMMENTS = YES;
				CLANG_WARN_EMPTY_BODY = YES;
				CLANG_WARN_ENUM_CONVERSION = YES;
				CLANG_WARN_INFINITE_RECURSION = YES;
				CLANG_WARN_INT_CONVERSION = YES;
				CLANG_WARN_NON_LITERAL_NULL_CONVERSION = YES;
				CLANG_WARN_OBJC_IMPLICIT_RETAIN_SELF = YES;
				CLANG_WARN_OBJC_LITERAL_CONVERSION = YES;
				CLANG_WARN_OBJC_ROOT_CLASS = YES_ERROR;
				CLANG_WARN_QUOTED_INCLUDE_IN_FRAMEWORK_HEADER = YES;
				CLANG_WARN_RANGE_LOOP_ANALYSIS = YES;
				CLANG_WARN_STRICT_PROTOTYPES = YES;
				CLANG_WARN_SUSPICIOUS_MOVE = YES;
				CLANG_WARN_UNGUARDED_AVAILABILITY = YES_AGGRESSIVE;
				CLANG_WARN_UNREACHABLE_CODE = YES;
				CLANG_WARN__DUPLICATE_METHOD_MATCH = YES;
				COPY_PHASE_STRIP = NO;
				DEBUG_INFORMATION_FORMAT = dwarf;
				ENABLE_STRICT_OBJC_MSGSEND = YES;
				ENABLE_TESTABILITY = YES;
				GCC_C_LANGUAGE_STANDARD = gnu11;
				GCC_DYNAMIC_NO_PIC = NO;
				GCC_NO_COMMON_BLOCKS = YES;
				GCC_OPTIMIZATION_LEVEL = 0;
				GCC_PREPROCESSOR_DEFINITIONS = (
					"DEBUG=1",
					"$(inherited)",
				);
				GCC_WARN_64_TO_32_BIT_CONVERSION = YES;
				GCC_WARN_ABOUT_RETURN_TYPE = YES_ERROR;
				GCC_WARN_UNDECLARED_SELECTOR = YES;
				GCC_WARN_UNINITIALIZED_AUTOS = YES_AGGRESSIVE;
				GCC_WARN_UNUSED_FUNCTION = YES;
				GCC_WARN_UNUSED_VARIABLE = YES;
				IPHONEOS_DEPLOYMENT_TARGET = 16.4;
				MTL_ENABLE_DEBUG_INFO = INCLUDE_SOURCE;
				MTL_FAST_MATH = YES;
				ONLY_ACTIVE_ARCH = YES;
				SDKROOT = iphoneos;
				SWIFT_ACTIVE_COMPILATION_CONDITIONS = DEBUG;
				SWIFT_OPTIMIZATION_LEVEL = "-Onone";
			};
			name = Debug;
		};
		71B3BDBE2B20CBF400F58393 /* Release */ = {
			isa = XCBuildConfiguration;
			buildSettings = {
				ALWAYS_SEARCH_USER_PATHS = NO;
				CLANG_ANALYZER_NONNULL = YES;
				CLANG_ANALYZER_NUMBER_OBJECT_CONVERSION = YES_AGGRESSIVE;
				CLANG_CXX_LANGUAGE_STANDARD = "gnu++20";
				CLANG_ENABLE_MODULES = YES;
				CLANG_ENABLE_OBJC_ARC = YES;
				CLANG_ENABLE_OBJC_WEAK = YES;
				CLANG_WARN_BLOCK_CAPTURE_AUTORELEASING = YES;
				CLANG_WARN_BOOL_CONVERSION = YES;
				CLANG_WARN_COMMA = YES;
				CLANG_WARN_CONSTANT_CONVERSION = YES;
				CLANG_WARN_DEPRECATED_OBJC_IMPLEMENTATIONS = YES;
				CLANG_WARN_DIRECT_OBJC_ISA_USAGE = YES_ERROR;
				CLANG_WARN_DOCUMENTATION_COMMENTS = YES;
				CLANG_WARN_EMPTY_BODY = YES;
				CLANG_WARN_ENUM_CONVERSION = YES;
				CLANG_WARN_INFINITE_RECURSION = YES;
				CLANG_WARN_INT_CONVERSION = YES;
				CLANG_WARN_NON_LITERAL_NULL_CONVERSION = YES;
				CLANG_WARN_OBJC_IMPLICIT_RETAIN_SELF = YES;
				CLANG_WARN_OBJC_LITERAL_CONVERSION = YES;
				CLANG_WARN_OBJC_ROOT_CLASS = YES_ERROR;
				CLANG_WARN_QUOTED_INCLUDE_IN_FRAMEWORK_HEADER = YES;
				CLANG_WARN_RANGE_LOOP_ANALYSIS = YES;
				CLANG_WARN_STRICT_PROTOTYPES = YES;
				CLANG_WARN_SUSPICIOUS_MOVE = YES;
				CLANG_WARN_UNGUARDED_AVAILABILITY = YES_AGGRESSIVE;
				CLANG_WARN_UNREACHABLE_CODE = YES;
				CLANG_WARN__DUPLICATE_METHOD_MATCH = YES;
				COPY_PHASE_STRIP = NO;
				DEBUG_INFORMATION_FORMAT = "dwarf-with-dsym";
				ENABLE_NS_ASSERTIONS = NO;
				ENABLE_STRICT_OBJC_MSGSEND = YES;
				GCC_C_LANGUAGE_STANDARD = gnu11;
				GCC_NO_COMMON_BLOCKS = YES;
				GCC_WARN_64_TO_32_BIT_CONVERSION = YES;
				GCC_WARN_ABOUT_RETURN_TYPE = YES_ERROR;
				GCC_WARN_UNDECLARED_SELECTOR = YES;
				GCC_WARN_UNINITIALIZED_AUTOS = YES_AGGRESSIVE;
				GCC_WARN_UNUSED_FUNCTION = YES;
				GCC_WARN_UNUSED_VARIABLE = YES;
				IPHONEOS_DEPLOYMENT_TARGET = 16.4;
				MTL_ENABLE_DEBUG_INFO = NO;
				MTL_FAST_MATH = YES;
				SDKROOT = iphoneos;
				SWIFT_COMPILATION_MODE = wholemodule;
				SWIFT_OPTIMIZATION_LEVEL = "-O";
				VALIDATE_PRODUCT = YES;
			};
			name = Release;
		};
		71B3BDC02B20CBF400F58393 /* Debug */ = {
			isa = XCBuildConfiguration;
			buildSettings = {
				ASSETCATALOG_COMPILER_APPICON_NAME = AppIcon;
				ASSETCATALOG_COMPILER_GLOBAL_ACCENT_COLOR_NAME = AccentColor;
				CODE_SIGN_STYLE = Automatic;
				CURRENT_PROJECT_VERSION = 1;
				GENERATE_INFOPLIST_FILE = YES;
				INFOPLIST_FILE = ChantsFootball/Info.plist;
				INFOPLIST_KEY_UIApplicationSupportsIndirectInputEvents = YES;
				INFOPLIST_KEY_UILaunchStoryboardName = LaunchScreen;
				INFOPLIST_KEY_UIMainStoryboardFile = Main;
				INFOPLIST_KEY_UISupportedInterfaceOrientations = UIInterfaceOrientationPortrait;
				INFOPLIST_KEY_UISupportedInterfaceOrientations_iPad = "UIInterfaceOrientationLandscapeLeft UIInterfaceOrientationLandscapeRight UIInterfaceOrientationPortrait UIInterfaceOrientationPortraitUpsideDown";
				IPHONEOS_DEPLOYMENT_TARGET = 13.0;
				LD_RUNPATH_SEARCH_PATHS = (
					"$(inherited)",
					"@executable_path/Frameworks",
				);
				MARKETING_VERSION = 1.0;
				PRODUCT_BUNDLE_IDENTIFIER = com.fenzy.ChantsFootball;
				PRODUCT_NAME = "$(TARGET_NAME)";
				SUPPORTED_PLATFORMS = "iphoneos iphonesimulator";
				SUPPORTS_MACCATALYST = NO;
				SUPPORTS_MAC_DESIGNED_FOR_IPHONE_IPAD = NO;
				SWIFT_EMIT_LOC_STRINGS = YES;
				SWIFT_VERSION = 5.0;
				TARGETED_DEVICE_FAMILY = 1;
			};
			name = Debug;
		};
		71B3BDC12B20CBF400F58393 /* Release */ = {
			isa = XCBuildConfiguration;
			buildSettings = {
				ASSETCATALOG_COMPILER_APPICON_NAME = AppIcon;
				ASSETCATALOG_COMPILER_GLOBAL_ACCENT_COLOR_NAME = AccentColor;
				CODE_SIGN_STYLE = Automatic;
				CURRENT_PROJECT_VERSION = 1;
				GENERATE_INFOPLIST_FILE = YES;
				INFOPLIST_FILE = ChantsFootball/Info.plist;
				INFOPLIST_KEY_UIApplicationSupportsIndirectInputEvents = YES;
				INFOPLIST_KEY_UILaunchStoryboardName = LaunchScreen;
				INFOPLIST_KEY_UIMainStoryboardFile = Main;
				INFOPLIST_KEY_UISupportedInterfaceOrientations = UIInterfaceOrientationPortrait;
				INFOPLIST_KEY_UISupportedInterfaceOrientations_iPad = "UIInterfaceOrientationLandscapeLeft UIInterfaceOrientationLandscapeRight UIInterfaceOrientationPortrait UIInterfaceOrientationPortraitUpsideDown";
				IPHONEOS_DEPLOYMENT_TARGET = 13.0;
				LD_RUNPATH_SEARCH_PATHS = (
					"$(inherited)",
					"@executable_path/Frameworks",
				);
				MARKETING_VERSION = 1.0;
				PRODUCT_BUNDLE_IDENTIFIER = com.fenzy.ChantsFootball;
				PRODUCT_NAME = "$(TARGET_NAME)";
				SUPPORTED_PLATFORMS = "iphoneos iphonesimulator";
				SUPPORTS_MACCATALYST = NO;
				SUPPORTS_MAC_DESIGNED_FOR_IPHONE_IPAD = NO;
				SWIFT_EMIT_LOC_STRINGS = YES;
				SWIFT_VERSION = 5.0;
				TARGETED_DEVICE_FAMILY = 1;
			};
			name = Release;
		};
/* End XCBuildConfiguration section */

/* Begin XCConfigurationList section */
		71B3BDA62B20CBF200F58393 /* Build configuration list for PBXProject "ChantsFootball" */ = {
			isa = XCConfigurationList;
			buildConfigurations = (
				71B3BDBD2B20CBF400F58393 /* Debug */,
				71B3BDBE2B20CBF400F58393 /* Release */,
			);
			defaultConfigurationIsVisible = 0;
			defaultConfigurationName = Release;
		};
		71B3BDBF2B20CBF400F58393 /* Build configuration list for PBXNativeTarget "ChantsFootball" */ = {
			isa = XCConfigurationList;
			buildConfigurations = (
				71B3BDC02B20CBF400F58393 /* Debug */,
				71B3BDC12B20CBF400F58393 /* Release */,
			);
			defaultConfigurationIsVisible = 0;
			defaultConfigurationName = Release;
		};
/* End XCConfigurationList section */
	};
	rootObject = 71B3BDA32B20CBF200F58393 /* Project object */;
}
